{
  "name": "micro-acquisition",
  "version": "1.0.0",
  "lockfileVersion": 1,
  "requires": true,
  "dependencies": {
    "@blueoak/list": {
      "version": "2.0.0",
      "resolved": "https://registry.npmjs.org/@blueoak/list/-/list-2.0.0.tgz",
      "integrity": "sha512-yQ6/CTy6DYvmJOAIw/BJjKeNG2ZyF8uxgTN8Yvcv4L9YavoVp9xUgmoVUKN5l24NGPDQpswavNanHOqB00ZNXg==",
      "dev": true
    },
    "agent-base": {
      "version": "6.0.2",
      "resolved": "https://registry.npmjs.org/agent-base/-/agent-base-6.0.2.tgz",
      "integrity": "sha512-RZNwNclF7+MS/8bDg70amg32dyeZGZxiDuQmZxKLAlQjr3jGyLx+4Kkk58UO7D2QdgFIQCovuSuZESne6RG6XQ==",
      "dev": true,
      "requires": {
        "debug": "4"
      }
    },
    "argparse": {
      "version": "2.0.1",
      "resolved": "https://registry.npmjs.org/argparse/-/argparse-2.0.1.tgz",
      "integrity": "sha512-8+9WqebbFzpX9OR+Wa6O29asIogeRMzcGtAINdpMHHyAg10f05aSFVBbcEqGf/PXw1EjAZ+q2/bEBg3DvurK3Q==",
      "dev": true
    },
    "array-find-index": {
      "version": "1.0.2",
      "resolved": "https://registry.npmjs.org/array-find-index/-/array-find-index-1.0.2.tgz",
      "integrity": "sha1-3wEKoSh+Fku9pvlyOwqWoexBh6E=",
      "dev": true
    },
    "asap": {
      "version": "2.0.6",
      "resolved": "https://registry.npmjs.org/asap/-/asap-2.0.6.tgz",
      "integrity": "sha1-5QNHYR1+aQlDIIu9r+vLwvuGbUY=",
      "dev": true
    },
    "balanced-match": {
      "version": "1.0.2",
      "resolved": "https://registry.npmjs.org/balanced-match/-/balanced-match-1.0.2.tgz",
      "integrity": "sha512-3oSeUO0TMV67hN1AmbXsK4yaqU7tjiHlbxRDZOpH0KW9+CeX4bRAaX0Anxt0tx2MrpRpWwQaPwIlISEJhYU5Pw==",
      "dev": true
    },
    "brace-expansion": {
      "version": "1.1.11",
      "resolved": "https://registry.npmjs.org/brace-expansion/-/brace-expansion-1.1.11.tgz",
      "integrity": "sha512-iCuPHDFgrHX7H2vEI/5xpz07zSHB00TpugqhmYtVmMO6518mCuRMoOYFldEBl0g187ufozdaHgWKcYFb61qGiA==",
      "dev": true,
      "requires": {
        "balanced-match": "^1.0.0",
        "concat-map": "0.0.1"
      }
    },
    "call-bind": {
      "version": "1.0.2",
      "resolved": "https://registry.npmjs.org/call-bind/-/call-bind-1.0.2.tgz",
      "integrity": "sha512-7O+FbCihrB5WGbFYesctwmTKae6rOiIzmz1icreWJ+0aA7LJfuqhEso2T9ncpcFtzMQtzXf2QGGueWJGTYsqrA==",
      "dev": true,
      "requires": {
        "function-bind": "^1.1.1",
        "get-intrinsic": "^1.0.2"
      }
    },
    "chownr": {
      "version": "2.0.0",
      "resolved": "https://registry.npmjs.org/chownr/-/chownr-2.0.0.tgz",
      "integrity": "sha512-bIomtDF5KGpdogkLd9VspvFzk9KfpyyGlS8YFVZl7TGPBHL5snIOnxeshwVgPteQ9b4Eydl+pVbIyE1DcvCWgQ==",
      "dev": true
    },
    "concat-map": {
      "version": "0.0.1",
      "resolved": "https://registry.npmjs.org/concat-map/-/concat-map-0.0.1.tgz",
      "integrity": "sha1-2Klr13/Wjfd5OnMDajug1UBdR3s=",
      "dev": true
    },
    "correct-license-metadata": {
      "version": "1.4.0",
      "resolved": "https://registry.npmjs.org/correct-license-metadata/-/correct-license-metadata-1.4.0.tgz",
      "integrity": "sha512-nvbNpK/aYCbztZWGi9adIPqR+ZcQmZTWNT7eMYLvkaVGroN1nTHiVuuNPl7pK6ZNx1mvDztlRBJtfUdrVwKJ5A==",
      "dev": true,
      "requires": {
        "spdx-expression-validate": "^2.0.0"
      }
    },
    "debug": {
      "version": "4.3.1",
      "resolved": "https://registry.npmjs.org/debug/-/debug-4.3.1.tgz",
      "integrity": "sha512-doEwdvm4PCeK4K3RQN2ZC2BYUBaxwLARCqZmMjtF8a51J2Rb0xpVloFRnCODwqjpwnAoao4pelN8l3RJdv3gRQ==",
      "dev": true,
      "requires": {
        "ms": "2.1.2"
      }
    },
    "debuglog": {
      "version": "1.0.1",
      "resolved": "https://registry.npmjs.org/debuglog/-/debuglog-1.0.1.tgz",
      "integrity": "sha1-qiT/uaw9+aI1GDfPstJ5NgzXhJI=",
      "dev": true
    },
    "deep-extend": {
      "version": "0.6.0",
      "resolved": "https://registry.npmjs.org/deep-extend/-/deep-extend-0.6.0.tgz",
      "integrity": "sha512-LOHxIOaPYdHlJRtCQfDIVZtfw/ufM8+rVj649RIHzcm/vGwQRXFt6OPqIFWsm2XEMrNIEtWR64sY1LEKD2vAOA==",
      "dev": true
    },
    "define-properties": {
      "version": "1.1.3",
      "resolved": "https://registry.npmjs.org/define-properties/-/define-properties-1.1.3.tgz",
      "integrity": "sha512-3MqfYKj2lLzdMSf8ZIZE/V+Zuy+BgD6f164e8K2w7dgnpKArBDerGYpM46IYYcjnkdPNMjPk9A6VFB8+3SKlXQ==",
      "dev": true,
      "requires": {
        "object-keys": "^1.0.12"
      }
    },
    "dezalgo": {
      "version": "1.0.3",
      "resolved": "https://registry.npmjs.org/dezalgo/-/dezalgo-1.0.3.tgz",
      "integrity": "sha1-f3Qt4Gb8dIvI24IFad3c5Jvw1FY=",
      "dev": true,
      "requires": {
        "asap": "^2.0.0",
        "wrappy": "1"
      }
    },
    "docopt": {
      "version": "0.6.2",
      "resolved": "https://registry.npmjs.org/docopt/-/docopt-0.6.2.tgz",
      "integrity": "sha1-so6eIiDaXsSffqW7JKR3h0Be6xE=",
      "dev": true
    },
    "editorconfig-checker": {
      "version": "4.0.2",
      "resolved": "https://registry.npmjs.org/editorconfig-checker/-/editorconfig-checker-4.0.2.tgz",
      "integrity": "sha512-tUI7ABIzMB1kfwTUQmX+gaZGCMNuUgGuRHJ+Xu4Tk9T8lV8Vy5w/EaQsSZ7NKrOgLxbekptw6MUgrzHTvhceLw==",
      "dev": true,
      "requires": {
        "https-proxy-agent": "^5.0.0",
        "node-fetch": "^2.6.0",
        "tar": "^6.0.0"
      }
    },
    "entities": {
      "version": "2.1.0",
      "resolved": "https://registry.npmjs.org/entities/-/entities-2.1.0.tgz",
      "integrity": "sha512-hCx1oky9PFrJ611mf0ifBLBRW8lUUVRlFolb5gWRfIELabBlbp9xZvrqZLZAs+NxFnbfQoeGd8wDkygjg7U85w==",
      "dev": true
    },
    "es-abstract": {
      "version": "1.18.0",
      "resolved": "https://registry.npmjs.org/es-abstract/-/es-abstract-1.18.0.tgz",
      "integrity": "sha512-LJzK7MrQa8TS0ja2w3YNLzUgJCGPdPOV1yVvezjNnS89D+VR08+Szt2mz3YB2Dck/+w5tfIq/RoUAFqJJGM2yw==",
      "dev": true,
      "requires": {
        "call-bind": "^1.0.2",
        "es-to-primitive": "^1.2.1",
        "function-bind": "^1.1.1",
        "get-intrinsic": "^1.1.1",
        "has": "^1.0.3",
        "has-symbols": "^1.0.2",
        "is-callable": "^1.2.3",
        "is-negative-zero": "^2.0.1",
        "is-regex": "^1.1.2",
        "is-string": "^1.0.5",
        "object-inspect": "^1.9.0",
        "object-keys": "^1.1.1",
        "object.assign": "^4.1.2",
        "string.prototype.trimend": "^1.0.4",
        "string.prototype.trimstart": "^1.0.4",
        "unbox-primitive": "^1.0.0"
      }
    },
    "es-to-primitive": {
      "version": "1.2.1",
      "resolved": "https://registry.npmjs.org/es-to-primitive/-/es-to-primitive-1.2.1.tgz",
      "integrity": "sha512-QCOllgZJtaUo9miYBcLChTUaHNjJF3PYs1VidD7AwiEj1kYxKeQTctLAezAOH5ZKRH0g2IgPn6KwB4IT8iRpvA==",
      "dev": true,
      "requires": {
        "is-callable": "^1.1.4",
        "is-date-object": "^1.0.1",
        "is-symbol": "^1.0.2"
      }
    },
    "fs-access": {
      "version": "2.0.0",
      "resolved": "https://registry.npmjs.org/fs-access/-/fs-access-2.0.0.tgz",
      "integrity": "sha512-Vt45hBKJrYDQeAD9ja43liw8JfK75uB7XexIXWEtDKwFLQNmzmvuulh28hRxexxuFm0zsGGq7nISGQSK6KnGrA==",
      "dev": true,
      "requires": {
        "null-check": "^1.0.0"
      }
    },
    "fs-minipass": {
      "version": "2.1.0",
      "resolved": "https://registry.npmjs.org/fs-minipass/-/fs-minipass-2.1.0.tgz",
      "integrity": "sha512-V/JgOLFCS+R6Vcq0slCuaeWEdNC3ouDlJMNIsacH2VtALiu9mV4LPrHc5cDl8k5aw6J8jwgWWpiTo5RYhmIzvg==",
      "dev": true,
      "requires": {
        "minipass": "^3.0.0"
      }
    },
    "fs.realpath": {
      "version": "1.0.0",
      "resolved": "https://registry.npmjs.org/fs.realpath/-/fs.realpath-1.0.0.tgz",
      "integrity": "sha1-FQStJSMVjKpA20onh8sBQRmU6k8=",
      "dev": true
    },
    "function-bind": {
      "version": "1.1.1",
      "resolved": "https://registry.npmjs.org/function-bind/-/function-bind-1.1.1.tgz",
      "integrity": "sha512-yIovAzMX49sF8Yl58fSCWJ5svSLuaibPxXQJFLmBObTuCr0Mf1KiPopGM9NiFjiYBCbfaa2Fh6breQ6ANVTI0A==",
      "dev": true
    },
    "get-intrinsic": {
      "version": "1.1.1",
      "resolved": "https://registry.npmjs.org/get-intrinsic/-/get-intrinsic-1.1.1.tgz",
      "integrity": "sha512-kWZrnVM42QCiEA2Ig1bG8zjoIMOgxWwYCEeNdwY6Tv/cOSeGpcoX4pXHfKUxNKVoArnrEr2e9srnAxxGIraS9Q==",
      "dev": true,
      "requires": {
        "function-bind": "^1.1.1",
        "has": "^1.0.3",
        "has-symbols": "^1.0.1"
      }
    },
    "get-stdin": {
      "version": "8.0.0",
      "resolved": "https://registry.npmjs.org/get-stdin/-/get-stdin-8.0.0.tgz",
      "integrity": "sha512-sY22aA6xchAzprjyqmSEQv4UbAAzRN0L2dQB0NlN5acTTK9Don6nhoc3eAbUnpZiCANAMfd/+40kVdKfFygohg==",
      "dev": true
    },
    "glob": {
      "version": "7.1.6",
      "resolved": "https://registry.npmjs.org/glob/-/glob-7.1.6.tgz",
      "integrity": "sha512-LwaxwyZ72Lk7vZINtNNrywX0ZuLyStrdDtabefZKAY5ZGJhVtgdznluResxNmPitE0SAO+O26sWTHeKSI2wMBA==",
      "dev": true,
      "requires": {
        "fs.realpath": "^1.0.0",
        "inflight": "^1.0.4",
        "inherits": "2",
        "minimatch": "^3.0.4",
        "once": "^1.3.0",
        "path-is-absolute": "^1.0.0"
      }
    },
    "graceful-fs": {
      "version": "4.2.6",
      "resolved": "https://registry.npmjs.org/graceful-fs/-/graceful-fs-4.2.6.tgz",
      "integrity": "sha512-nTnJ528pbqxYanhpDYsi4Rd8MAeaBA67+RZ10CM1m3bTAVFEDcd5AuA4a6W5YkGZ1iNXHzZz8T6TBKLeBuNriQ==",
      "dev": true
    },
    "has": {
      "version": "1.0.3",
      "resolved": "https://registry.npmjs.org/has/-/has-1.0.3.tgz",
      "integrity": "sha512-f2dvO0VU6Oej7RkWJGrehjbzMAjFp5/VKPp5tTpWIV4JHHZK1/BxbFRtf/siA2SWTe09caDmVtYYzWEIbBS4zw==",
      "dev": true,
      "requires": {
        "function-bind": "^1.1.1"
      }
    },
    "has-bigints": {
      "version": "1.0.1",
      "resolved": "https://registry.npmjs.org/has-bigints/-/has-bigints-1.0.1.tgz",
      "integrity": "sha512-LSBS2LjbNBTf6287JEbEzvJgftkF5qFkmCo9hDRpAzKhUOlJ+hx8dd4USs00SgsUNwc4617J9ki5YtEClM2ffA==",
      "dev": true
    },
    "has-symbols": {
      "version": "1.0.2",
      "resolved": "https://registry.npmjs.org/has-symbols/-/has-symbols-1.0.2.tgz",
      "integrity": "sha512-chXa79rL/UC2KlX17jo3vRGz0azaWEx5tGqZg5pO3NUyEJVB17dMruQlzCCOfUvElghKcm5194+BCRvi2Rv/Gw==",
      "dev": true
    },
    "hosted-git-info": {
      "version": "2.8.9",
      "resolved": "https://registry.npmjs.org/hosted-git-info/-/hosted-git-info-2.8.9.tgz",
      "integrity": "sha512-mxIDAb9Lsm6DoOJ7xH+5+X4y1LU/4Hi50L9C5sIswK3JzULS4bwk1FvjdBgvYR4bzT4tuUQiC15FE2f5HbLvYw==",
      "dev": true
    },
    "https-proxy-agent": {
      "version": "5.0.0",
      "resolved": "https://registry.npmjs.org/https-proxy-agent/-/https-proxy-agent-5.0.0.tgz",
      "integrity": "sha512-EkYm5BcKUGiduxzSt3Eppko+PiNWNEpa4ySk9vTC6wDsQJW9rHSa+UhGNJoRYp7bz6Ht1eaRIa6QaJqO5rCFbA==",
      "dev": true,
      "requires": {
        "agent-base": "6",
        "debug": "4"
      }
    },
    "ignore": {
      "version": "5.1.8",
      "resolved": "https://registry.npmjs.org/ignore/-/ignore-5.1.8.tgz",
      "integrity": "sha512-BMpfD7PpiETpBl/A6S498BaIJ6Y/ABT93ETbby2fP00v4EbvPBXWEoaR1UBPKs3iR53pJY7EtZk5KACI57i1Uw==",
      "dev": true
    },
    "inflight": {
      "version": "1.0.6",
      "resolved": "https://registry.npmjs.org/inflight/-/inflight-1.0.6.tgz",
      "integrity": "sha1-Sb1jMdfQLQwJvJEKEHW6gWW1bfk=",
      "dev": true,
      "requires": {
        "once": "^1.3.0",
        "wrappy": "1"
      }
    },
    "inherits": {
      "version": "2.0.4",
      "resolved": "https://registry.npmjs.org/inherits/-/inherits-2.0.4.tgz",
      "integrity": "sha512-k/vGaX4/Yla3WzyMCvTQOXYeIHvqOKtnqBduzTHpzpQZzAskKMhZ2K+EnBiSM9zGSoIFeMpXKxa4dYeZIQqewQ==",
      "dev": true
    },
    "ini": {
      "version": "1.3.8",
      "resolved": "https://registry.npmjs.org/ini/-/ini-1.3.8.tgz",
      "integrity": "sha512-JV/yugV2uzW5iMRSiZAyDtQd+nxtUnjeLt0acNdw98kKLrvuRVyB80tsREOE7yvGVgalhZ6RNXCmEHkUKBKxew==",
      "dev": true
    },
    "is-bigint": {
      "version": "1.0.1",
      "resolved": "https://registry.npmjs.org/is-bigint/-/is-bigint-1.0.1.tgz",
      "integrity": "sha512-J0ELF4yHFxHy0cmSxZuheDOz2luOdVvqjwmEcj8H/L1JHeuEDSDbeRP+Dk9kFVk5RTFzbucJ2Kb9F7ixY2QaCg==",
      "dev": true
    },
    "is-boolean-object": {
      "version": "1.1.0",
      "resolved": "https://registry.npmjs.org/is-boolean-object/-/is-boolean-object-1.1.0.tgz",
      "integrity": "sha512-a7Uprx8UtD+HWdyYwnD1+ExtTgqQtD2k/1yJgtXP6wnMm8byhkoTZRl+95LLThpzNZJ5aEvi46cdH+ayMFRwmA==",
      "dev": true,
      "requires": {
        "call-bind": "^1.0.0"
      }
    },
    "is-callable": {
      "version": "1.2.3",
      "resolved": "https://registry.npmjs.org/is-callable/-/is-callable-1.2.3.tgz",
      "integrity": "sha512-J1DcMe8UYTBSrKezuIUTUwjXsho29693unXM2YhJUTR2txK/eG47bvNa/wipPFmZFgr/N6f1GA66dv0mEyTIyQ==",
      "dev": true
    },
    "is-core-module": {
      "version": "2.2.0",
      "resolved": "https://registry.npmjs.org/is-core-module/-/is-core-module-2.2.0.tgz",
      "integrity": "sha512-XRAfAdyyY5F5cOXn7hYQDqh2Xmii+DEfIcQGxK/uNwMHhIkPWO0g8msXcbzLe+MpGoR951MlqM/2iIlU4vKDdQ==",
      "dev": true,
      "requires": {
        "has": "^1.0.3"
      }
    },
    "is-date-object": {
      "version": "1.0.2",
      "resolved": "https://registry.npmjs.org/is-date-object/-/is-date-object-1.0.2.tgz",
      "integrity": "sha512-USlDT524woQ08aoZFzh3/Z6ch9Y/EWXEHQ/AaRN0SkKq4t2Jw2R2339tSXmwuVoY7LLlBCbOIlx2myP/L5zk0g==",
      "dev": true
    },
    "is-negative-zero": {
      "version": "2.0.1",
      "resolved": "https://registry.npmjs.org/is-negative-zero/-/is-negative-zero-2.0.1.tgz",
      "integrity": "sha512-2z6JzQvZRa9A2Y7xC6dQQm4FSTSTNWjKIYYTt4246eMTJmIo0Q+ZyOsU66X8lxK1AbB92dFeglPLrhwpeRKO6w==",
      "dev": true
    },
    "is-number-object": {
      "version": "1.0.4",
      "resolved": "https://registry.npmjs.org/is-number-object/-/is-number-object-1.0.4.tgz",
      "integrity": "sha512-zohwelOAur+5uXtk8O3GPQ1eAcu4ZX3UwxQhUlfFFMNpUd83gXgjbhJh6HmB6LUNV/ieOLQuDwJO3dWJosUeMw==",
      "dev": true
    },
    "is-regex": {
      "version": "1.1.2",
      "resolved": "https://registry.npmjs.org/is-regex/-/is-regex-1.1.2.tgz",
      "integrity": "sha512-axvdhb5pdhEVThqJzYXwMlVuZwC+FF2DpcOhTS+y/8jVq4trxyPgfcwIxIKiyeuLlSQYKkmUaPQJ8ZE4yNKXDg==",
      "dev": true,
      "requires": {
        "call-bind": "^1.0.2",
        "has-symbols": "^1.0.1"
      }
    },
    "is-string": {
      "version": "1.0.5",
      "resolved": "https://registry.npmjs.org/is-string/-/is-string-1.0.5.tgz",
      "integrity": "sha512-buY6VNRjhQMiF1qWDouloZlQbRhDPCebwxSjxMjxgemYT46YMd2NR0/H+fBhEfWX4A/w9TBJ+ol+okqJKFE6vQ==",
      "dev": true
    },
    "is-symbol": {
      "version": "1.0.3",
      "resolved": "https://registry.npmjs.org/is-symbol/-/is-symbol-1.0.3.tgz",
      "integrity": "sha512-OwijhaRSgqvhm/0ZdAcXNZt9lYdKFpcRDT5ULUuYXPoT794UNOdU+gpT6Rzo7b4V2HUl/op6GqY894AZwv9faQ==",
      "dev": true,
      "requires": {
        "has-symbols": "^1.0.1"
      }
    },
    "js-yaml": {
      "version": "4.1.0",
      "resolved": "https://registry.npmjs.org/js-yaml/-/js-yaml-4.1.0.tgz",
      "integrity": "sha512-wpxZs9NoxZaJESJGIZTyDEaYpl0FKSA+FB9aJiyemKhMwkxQg63h4T1KJgUGHpTqPDNRcmmYLugrRjJlBtWvRA==",
      "dev": true,
      "requires": {
        "argparse": "^2.0.1"
      }
    },
    "json-parse-errback": {
      "version": "2.0.1",
      "resolved": "https://registry.npmjs.org/json-parse-errback/-/json-parse-errback-2.0.1.tgz",
      "integrity": "sha1-x6nCvjqFWzQvgqv8ibyFk1tYhPo=",
      "dev": true
    },
    "json-parse-even-better-errors": {
      "version": "2.3.1",
      "resolved": "https://registry.npmjs.org/json-parse-even-better-errors/-/json-parse-even-better-errors-2.3.1.tgz",
      "integrity": "sha512-xyFwyhro/JEof6Ghe2iz2NcXoj2sloNsWr/XsERDK/oiPCfaNhl5ONfp+jQdAZRQQ0IJWNzH9zIZF7li91kh2w==",
      "dev": true
    },
    "jsonc-parser": {
      "version": "3.0.0",
      "resolved": "https://registry.npmjs.org/jsonc-parser/-/jsonc-parser-3.0.0.tgz",
      "integrity": "sha512-fQzRfAbIBnR0IQvftw9FJveWiHp72Fg20giDrHz6TdfB12UH/uue0D3hm57UB5KgAVuniLMCaS8P1IMj9NR7cA==",
      "dev": true
    },
    "licensee": {
      "version": "8.2.0",
      "resolved": "https://registry.npmjs.org/licensee/-/licensee-8.2.0.tgz",
      "integrity": "sha512-Z5fQ+qP85N38klGijH0bXiWVlKqLKDMqsckKL+VcA+ZQ/DJK5cpIpvryGHtREaQ3Ah5jrgtXN8mHfII7UtlsJg==",
      "dev": true,
      "requires": {
        "@blueoak/list": "^2.0.0",
        "correct-license-metadata": "^1.0.1",
        "docopt": "^0.6.2",
        "fs-access": "^2.0.0",
        "has": "^1.0.3",
        "json-parse-errback": "^2.0.1",
        "npm-license-corrections": "^1.0.0",
        "read-package-tree": "^5.3.1",
        "run-parallel": "^1.1.9",
        "semver": "^6.3.0",
        "simple-concat": "^1.0.0",
        "spdx-expression-parse": "^3.0.0",
        "spdx-expression-validate": "^2.0.0",
        "spdx-osi": "^3.0.0",
        "spdx-whitelisted": "^1.0.0"
      }
    },
    "linkify-it": {
      "version": "3.0.2",
      "resolved": "https://registry.npmjs.org/linkify-it/-/linkify-it-3.0.2.tgz",
      "integrity": "sha512-gDBO4aHNZS6coiZCKVhSNh43F9ioIL4JwRjLZPkoLIY4yZFwg264Y5lu2x6rb1Js42Gh6Yqm2f6L2AJcnkzinQ==",
      "dev": true,
      "requires": {
        "uc.micro": "^1.0.1"
      }
    },
    "lodash.differencewith": {
      "version": "4.5.0",
      "resolved": "https://registry.npmjs.org/lodash.differencewith/-/lodash.differencewith-4.5.0.tgz",
      "integrity": "sha1-uvr7yRi1UVTheRdqALsK76rIVLc=",
      "dev": true
    },
    "lodash.flatten": {
      "version": "4.4.0",
      "resolved": "https://registry.npmjs.org/lodash.flatten/-/lodash.flatten-4.4.0.tgz",
      "integrity": "sha1-8xwiIlqWMtK7+OSt2+8kCqdlph8=",
      "dev": true
    },
    "markdown-it": {
      "version": "12.0.4",
      "resolved": "https://registry.npmjs.org/markdown-it/-/markdown-it-12.0.4.tgz",
      "integrity": "sha512-34RwOXZT8kyuOJy25oJNJoulO8L0bTHYWXcdZBYZqFnjIy3NgjeoM3FmPXIOFQ26/lSHYMr8oc62B6adxXcb3Q==",
      "dev": true,
      "requires": {
        "argparse": "^2.0.1",
        "entities": "~2.1.0",
        "linkify-it": "^3.0.1",
        "mdurl": "^1.0.1",
        "uc.micro": "^1.0.5"
      }
    },
    "markdownlint": {
      "version": "0.23.1",
      "resolved": "https://registry.npmjs.org/markdownlint/-/markdownlint-0.23.1.tgz",
      "integrity": "sha512-iOEwhDfNmq2IJlaA8mzEkHYUi/Hwoa6Ss+HO5jkwUR6wQ4quFr0WzSx+Z9rsWZKUaPbyirIdL1zGmJRkWawr4Q==",
      "dev": true,
      "requires": {
        "markdown-it": "12.0.4"
      }
    },
    "markdownlint-cli": {
      "version": "0.27.1",
      "resolved": "https://registry.npmjs.org/markdownlint-cli/-/markdownlint-cli-0.27.1.tgz",
      "integrity": "sha512-p1VV6aSbGrDlpUWzHizAnSNEQAweVR3qUI/AIUubxW7BGPXziSXkIED+uRtSohUlRS/jmqp3Wi4es5j6fIrdeQ==",
      "dev": true,
      "requires": {
        "commander": "~7.1.0",
        "deep-extend": "~0.6.0",
        "get-stdin": "~8.0.0",
        "glob": "~7.1.6",
        "ignore": "~5.1.8",
        "js-yaml": "^4.0.0",
        "jsonc-parser": "~3.0.0",
        "lodash.differencewith": "~4.5.0",
        "lodash.flatten": "~4.4.0",
        "markdownlint": "~0.23.1",
        "markdownlint-rule-helpers": "~0.14.0",
        "minimatch": "~3.0.4",
        "minimist": "~1.2.5",
        "rc": "~1.2.8"
      },
      "dependencies": {
        "commander": {
          "version": "7.1.0",
          "resolved": "https://registry.npmjs.org/commander/-/commander-7.1.0.tgz",
          "integrity": "sha512-pRxBna3MJe6HKnBGsDyMv8ETbptw3axEdYHoqNh7gu5oDcew8fs0xnivZGm06Ogk8zGAJ9VX+OPEr2GXEQK4dg==",
          "dev": true
        }
      }
    },
    "markdownlint-rule-helpers": {
      "version": "0.14.0",
      "resolved": "https://registry.npmjs.org/markdownlint-rule-helpers/-/markdownlint-rule-helpers-0.14.0.tgz",
      "integrity": "sha512-vRTPqSU4JK8vVXmjICHSBhwXUvbfh/VJo+j7hvxqe15tLJyomv3FLgFdFgb8kpj0Fe8SsJa/TZUAXv7/sN+N7A==",
      "dev": true
    },
    "mdurl": {
      "version": "1.0.1",
      "resolved": "https://registry.npmjs.org/mdurl/-/mdurl-1.0.1.tgz",
      "integrity": "sha1-/oWy7HWlkDfyrf7BAP1sYBdhFS4=",
      "dev": true
    },
    "minimatch": {
      "version": "3.0.4",
      "resolved": "https://registry.npmjs.org/minimatch/-/minimatch-3.0.4.tgz",
      "integrity": "sha512-yJHVQEhyqPLUTgt9B83PXu6W3rx4MvvHvSUvToogpwoGDOUQ+yDrR0HRot+yOCdCO7u4hX3pWft6kWBBcqh0UA==",
      "dev": true,
      "requires": {
        "brace-expansion": "^1.1.7"
      }
    },
    "minimist": {
      "version": "1.2.5",
      "resolved": "https://registry.npmjs.org/minimist/-/minimist-1.2.5.tgz",
      "integrity": "sha512-FM9nNUYrRBAELZQT3xeZQ7fmMOBg6nWNmJKTcgsJeaLstP/UODVpGsr5OhXhhXg6f+qtJ8uiZ+PUxkDWcgIXLw==",
      "dev": true
    },
    "minipass": {
      "version": "3.1.3",
      "resolved": "https://registry.npmjs.org/minipass/-/minipass-3.1.3.tgz",
      "integrity": "sha512-Mgd2GdMVzY+x3IJ+oHnVM+KG3lA5c8tnabyJKmHSaG2kAGpudxuOf8ToDkhumF7UzME7DecbQE9uOZhNm7PuJg==",
      "dev": true,
      "requires": {
        "yallist": "^4.0.0"
      }
    },
    "minizlib": {
      "version": "2.1.2",
      "resolved": "https://registry.npmjs.org/minizlib/-/minizlib-2.1.2.tgz",
      "integrity": "sha512-bAxsR8BVfj60DWXHE3u30oHzfl4G7khkSuPW+qvpd7jFRHm7dLxOjUk1EHACJ/hxLY8phGJ0YhYHZo7jil7Qdg==",
      "dev": true,
      "requires": {
        "minipass": "^3.0.0",
        "yallist": "^4.0.0"
      }
    },
    "mkdirp": {
      "version": "1.0.4",
      "resolved": "https://registry.npmjs.org/mkdirp/-/mkdirp-1.0.4.tgz",
      "integrity": "sha512-vVqVZQyf3WLx2Shd0qJ9xuvqgAyKPLAiqITEtqW0oIUjzo3PePDd6fW9iFz30ef7Ysp/oiWqbhszeGWW2T6Gzw==",
      "dev": true
    },
    "ms": {
      "version": "2.1.2",
      "resolved": "https://registry.npmjs.org/ms/-/ms-2.1.2.tgz",
      "integrity": "sha512-sGkPx+VjMtmA6MX27oA4FBFELFCZZ4S4XqeGOXCv68tT+jb3vk/RyaKWP0PTKyWtmLSM0b+adUTEvbs1PEaH2w==",
      "dev": true
    },
    "node-fetch": {
      "version": "2.6.1",
      "resolved": "https://registry.npmjs.org/node-fetch/-/node-fetch-2.6.1.tgz",
      "integrity": "sha512-V4aYg89jEoVRxRb2fJdAg8FHvI7cEyYdVAh94HH0UIK8oJxUfkjlDQN9RbMx+bEjP7+ggMiFRprSti032Oipxw==",
      "dev": true
    },
    "normalize-package-data": {
      "version": "2.5.0",
      "resolved": "https://registry.npmjs.org/normalize-package-data/-/normalize-package-data-2.5.0.tgz",
      "integrity": "sha512-/5CMN3T0R4XTj4DcGaexo+roZSdSFW/0AOOTROrjxzCG1wrWXEsGbRKevjlIL+ZDE4sZlJr5ED4YW0yqmkK+eA==",
      "dev": true,
      "requires": {
        "hosted-git-info": "^2.1.4",
        "resolve": "^1.10.0",
        "semver": "2 || 3 || 4 || 5",
        "validate-npm-package-license": "^3.0.1"
      },
      "dependencies": {
        "semver": {
          "version": "5.7.1",
          "resolved": "https://registry.npmjs.org/semver/-/semver-5.7.1.tgz",
          "integrity": "sha512-sauaDf/PZdVgrLTNYHRtpXa1iRiKcaebiKQ1BJdpQlWH2lCvexQdX55snPFyK7QzpudqbCI0qXFfOasHdyNDGQ==",
          "dev": true
        }
      }
    },
    "npm-license-corrections": {
      "version": "1.4.0",
      "resolved": "https://registry.npmjs.org/npm-license-corrections/-/npm-license-corrections-1.4.0.tgz",
      "integrity": "sha512-elrOuaygiK9SDD1Rzl6gxbRSJgcClcNER5RvdilSwlHWurD2GTlTt8RHZDMKkwgfkDHTg2F7n10IrPqCzdCCcw==",
      "dev": true
    },
    "npm-normalize-package-bin": {
      "version": "1.0.1",
      "resolved": "https://registry.npmjs.org/npm-normalize-package-bin/-/npm-normalize-package-bin-1.0.1.tgz",
      "integrity": "sha512-EPfafl6JL5/rU+ot6P3gRSCpPDW5VmIzX959Ob1+ySFUuuYHWHekXpwdUZcKP5C+DS4GEtdJluwBjnsNDl+fSA==",
      "dev": true
    },
    "null-check": {
      "version": "1.0.0",
      "resolved": "https://registry.npmjs.org/null-check/-/null-check-1.0.0.tgz",
      "integrity": "sha1-l33/1xdgErnsMNKjnbXPcqBDnt0=",
      "dev": true
    },
    "object-inspect": {
      "version": "1.10.2",
      "resolved": "https://registry.npmjs.org/object-inspect/-/object-inspect-1.10.2.tgz",
      "integrity": "sha512-gz58rdPpadwztRrPjZE9DZLOABUpTGdcANUgOwBFO1C+HZZhePoP83M65WGDmbpwFYJSWqavbl4SgDn4k8RYTA==",
      "dev": true
    },
    "object-keys": {
      "version": "1.1.1",
      "resolved": "https://registry.npmjs.org/object-keys/-/object-keys-1.1.1.tgz",
      "integrity": "sha512-NuAESUOUMrlIXOfHKzD6bpPu3tYt3xvjNdRIQ+FeT0lNb4K8WR70CaDxhuNguS2XG+GjkyMwOzsN5ZktImfhLA==",
      "dev": true
    },
    "object.assign": {
      "version": "4.1.2",
      "resolved": "https://registry.npmjs.org/object.assign/-/object.assign-4.1.2.tgz",
      "integrity": "sha512-ixT2L5THXsApyiUPYKmW+2EHpXXe5Ii3M+f4e+aJFAHao5amFRW6J0OO6c/LU8Be47utCx2GL89hxGB6XSmKuQ==",
      "dev": true,
      "requires": {
        "call-bind": "^1.0.0",
        "define-properties": "^1.1.3",
        "has-symbols": "^1.0.1",
        "object-keys": "^1.1.1"
      }
    },
    "object.getownpropertydescriptors": {
      "version": "2.1.2",
      "resolved": "https://registry.npmjs.org/object.getownpropertydescriptors/-/object.getownpropertydescriptors-2.1.2.tgz",
      "integrity": "sha512-WtxeKSzfBjlzL+F9b7M7hewDzMwy+C8NRssHd1YrNlzHzIDrXcXiNOMrezdAEM4UXixgV+vvnyBeN7Rygl2ttQ==",
      "dev": true,
      "requires": {
        "call-bind": "^1.0.2",
        "define-properties": "^1.1.3",
        "es-abstract": "^1.18.0-next.2"
      }
    },
    "once": {
      "version": "1.4.0",
      "resolved": "https://registry.npmjs.org/once/-/once-1.4.0.tgz",
      "integrity": "sha1-WDsap3WWHUsROsF9nFC6753Xa9E=",
      "dev": true,
      "requires": {
        "wrappy": "1"
      }
    },
    "path-is-absolute": {
      "version": "1.0.1",
      "resolved": "https://registry.npmjs.org/path-is-absolute/-/path-is-absolute-1.0.1.tgz",
      "integrity": "sha1-F0uSaHNVNP+8es5r9TpanhtcX18=",
      "dev": true
    },
    "path-parse": {
      "version": "1.0.6",
      "resolved": "https://registry.npmjs.org/path-parse/-/path-parse-1.0.6.tgz",
      "integrity": "sha512-GSmOT2EbHrINBf9SR7CDELwlJ8AENk3Qn7OikK4nFYAu3Ote2+JYNVvkpAEQm3/TLNEJFD/xZJjzyxg3KBWOzw==",
      "dev": true
    },
    "queue-microtask": {
      "version": "1.2.3",
      "resolved": "https://registry.npmjs.org/queue-microtask/-/queue-microtask-1.2.3.tgz",
      "integrity": "sha512-NuaNSa6flKT5JaSYQzJok04JzTL1CA6aGhv5rfLW3PgqA+M2ChpZQnAC8h8i4ZFkBS8X5RqkDBHA7r4hej3K9A==",
      "dev": true
    },
    "rc": {
      "version": "1.2.8",
      "resolved": "https://registry.npmjs.org/rc/-/rc-1.2.8.tgz",
      "integrity": "sha512-y3bGgqKj3QBdxLbLkomlohkvsA8gdAiUQlSBJnBhfn+BPxg4bc62d8TcBW15wavDfgexCgccckhcZvywyQYPOw==",
      "dev": true,
      "requires": {
        "deep-extend": "^0.6.0",
        "ini": "~1.3.0",
        "minimist": "^1.2.0",
        "strip-json-comments": "~2.0.1"
      }
    },
    "read-package-json": {
      "version": "2.1.2",
      "resolved": "https://registry.npmjs.org/read-package-json/-/read-package-json-2.1.2.tgz",
      "integrity": "sha512-D1KmuLQr6ZSJS0tW8hf3WGpRlwszJOXZ3E8Yd/DNRaM5d+1wVRZdHlpGBLAuovjr28LbWvjpWkBHMxpRGGjzNA==",
      "dev": true,
      "requires": {
        "glob": "^7.1.1",
        "json-parse-even-better-errors": "^2.3.0",
        "normalize-package-data": "^2.0.0",
        "npm-normalize-package-bin": "^1.0.0"
      }
    },
    "read-package-tree": {
      "version": "5.3.1",
      "resolved": "https://registry.npmjs.org/read-package-tree/-/read-package-tree-5.3.1.tgz",
      "integrity": "sha512-mLUDsD5JVtlZxjSlPPx1RETkNjjvQYuweKwNVt1Sn8kP5Jh44pvYuUHCp6xSVDZWbNxVxG5lyZJ921aJH61sTw==",
      "dev": true,
      "requires": {
        "read-package-json": "^2.0.0",
        "readdir-scoped-modules": "^1.0.0",
        "util-promisify": "^2.1.0"
      }
    },
    "readdir-scoped-modules": {
      "version": "1.1.0",
      "resolved": "https://registry.npmjs.org/readdir-scoped-modules/-/readdir-scoped-modules-1.1.0.tgz",
      "integrity": "sha512-asaikDeqAQg7JifRsZn1NJZXo9E+VwlyCfbkZhwyISinqk5zNS6266HS5kah6P0SaQKGF6SkNnZVHUzHFYxYDw==",
      "dev": true,
      "requires": {
        "debuglog": "^1.0.1",
        "dezalgo": "^1.0.0",
        "graceful-fs": "^4.1.2",
        "once": "^1.3.0"
      }
    },
    "resolve": {
      "version": "1.20.0",
      "resolved": "https://registry.npmjs.org/resolve/-/resolve-1.20.0.tgz",
      "integrity": "sha512-wENBPt4ySzg4ybFQW2TT1zMQucPK95HSh/nq2CFTZVOGut2+pQvSsgtda4d26YrYcr067wjbmzOG8byDPBX63A==",
      "dev": true,
      "requires": {
        "is-core-module": "^2.2.0",
        "path-parse": "^1.0.6"
      }
    },
    "run-parallel": {
      "version": "1.2.0",
      "resolved": "https://registry.npmjs.org/run-parallel/-/run-parallel-1.2.0.tgz",
      "integrity": "sha512-5l4VyZR86LZ/lDxZTR6jqL8AFE2S0IFLMP26AbjsLVADxHdhB/c0GUsH+y39UfCi3dzz8OlQuPmnaJOMoDHQBA==",
      "dev": true,
      "requires": {
        "queue-microtask": "^1.2.2"
      }
    },
    "semver": {
      "version": "6.3.0",
      "resolved": "https://registry.npmjs.org/semver/-/semver-6.3.0.tgz",
      "integrity": "sha512-b39TBaTSfV6yBrapU89p5fKekE2m/NwnDocOVruQFS1/veMgdzuPcnOM34M6CwxW8jH/lxEa5rBoDeUwu5HHTw==",
      "dev": true
    },
    "simple-concat": {
      "version": "1.0.1",
      "resolved": "https://registry.npmjs.org/simple-concat/-/simple-concat-1.0.1.tgz",
      "integrity": "sha512-cSFtAPtRhljv69IK0hTVZQ+OfE9nePi/rtJmw5UjHeVyVroEqJXP1sFztKUy1qU+xvz3u/sfYJLa947b7nAN2Q==",
      "dev": true
    },
    "spdx-compare": {
      "version": "1.0.0",
      "resolved": "https://registry.npmjs.org/spdx-compare/-/spdx-compare-1.0.0.tgz",
      "integrity": "sha512-C1mDZOX0hnu0ep9dfmuoi03+eOdDoz2yvK79RxbcrVEG1NO1Ph35yW102DHWKN4pk80nwCgeMmSY5L25VE4D9A==",
      "dev": true,
      "requires": {
        "array-find-index": "^1.0.2",
        "spdx-expression-parse": "^3.0.0",
        "spdx-ranges": "^2.0.0"
      }
    },
    "spdx-correct": {
      "version": "3.1.1",
      "resolved": "https://registry.npmjs.org/spdx-correct/-/spdx-correct-3.1.1.tgz",
      "integrity": "sha512-cOYcUWwhCuHCXi49RhFRCyJEK3iPj1Ziz9DpViV3tbZOwXD49QzIN3MpOLJNxh2qwq2lJJZaKMVw9qNi4jTC0w==",
      "dev": true,
      "requires": {
        "spdx-expression-parse": "^3.0.0",
        "spdx-license-ids": "^3.0.0"
      }
    },
    "spdx-exceptions": {
      "version": "2.3.0",
      "resolved": "https://registry.npmjs.org/spdx-exceptions/-/spdx-exceptions-2.3.0.tgz",
      "integrity": "sha512-/tTrYOC7PPI1nUAgx34hUpqXuyJG+DTHJTnIULG4rDygi4xu/tfgmq1e1cIRwRzwZgo4NLySi+ricLkZkw4i5A==",
      "dev": true
    },
    "spdx-expression-parse": {
      "version": "3.0.1",
      "resolved": "https://registry.npmjs.org/spdx-expression-parse/-/spdx-expression-parse-3.0.1.tgz",
      "integrity": "sha512-cbqHunsQWnJNE6KhVSMsMeH5H/L9EpymbzqTQ3uLwNCLZ1Q481oWaofqH7nO6V07xlXwY6PhQdQ2IedWx/ZK4Q==",
      "dev": true,
      "requires": {
        "spdx-exceptions": "^2.1.0",
        "spdx-license-ids": "^3.0.0"
      }
    },
    "spdx-expression-validate": {
      "version": "2.0.0",
      "resolved": "https://registry.npmjs.org/spdx-expression-validate/-/spdx-expression-validate-2.0.0.tgz",
      "integrity": "sha512-b3wydZLM+Tc6CFvaRDBOF9d76oGIHNCLYFeHbftFXUWjnfZWganmDmvtM5sm1cRwJc/VDBMLyGGrsLFd1vOxbg==",
      "dev": true,
      "requires": {
        "spdx-expression-parse": "^3.0.0"
      }
    },
    "spdx-license-ids": {
      "version": "3.0.7",
      "resolved": "https://registry.npmjs.org/spdx-license-ids/-/spdx-license-ids-3.0.7.tgz",
      "integrity": "sha512-U+MTEOO0AiDzxwFvoa4JVnMV6mZlJKk2sBLt90s7G0Gd0Mlknc7kxEn3nuDPNZRta7O2uy8oLcZLVT+4sqNZHQ==",
      "dev": true
    },
    "spdx-osi": {
      "version": "3.0.0",
      "resolved": "https://registry.npmjs.org/spdx-osi/-/spdx-osi-3.0.0.tgz",
      "integrity": "sha512-7DZMaD/rNHWGf82qWOazBsLXQsaLsoJb9RRjhEUQr5o86kw3A1ErGzSdvaXl+KalZyKkkU5T2a5NjCCutAKQSw==",
      "dev": true
    },
    "spdx-ranges": {
      "version": "2.1.1",
      "resolved": "https://registry.npmjs.org/spdx-ranges/-/spdx-ranges-2.1.1.tgz",
      "integrity": "sha512-mcdpQFV7UDAgLpXEE/jOMqvK4LBoO0uTQg0uvXUewmEFhpiZx5yJSZITHB8w1ZahKdhfZqP5GPEOKLyEq5p8XA==",
      "dev": true
    },
    "spdx-whitelisted": {
      "version": "1.0.0",
      "resolved": "https://registry.npmjs.org/spdx-whitelisted/-/spdx-whitelisted-1.0.0.tgz",
      "integrity": "sha512-X4FOpUCvZuo42MdB1zAZ/wdX4N0lLcWDozf2KYFVDgtLv8Lx+f31LOYLP2/FcwTzsPi64bS/VwKqklI4RBletg==",
      "dev": true,
      "requires": {
        "spdx-compare": "^1.0.0",
        "spdx-ranges": "^2.0.0"
      }
    },
    "string.prototype.trimend": {
      "version": "1.0.4",
      "resolved": "https://registry.npmjs.org/string.prototype.trimend/-/string.prototype.trimend-1.0.4.tgz",
      "integrity": "sha512-y9xCjw1P23Awk8EvTpcyL2NIr1j7wJ39f+k6lvRnSMz+mz9CGz9NYPelDk42kOz6+ql8xjfK8oYzy3jAP5QU5A==",
      "dev": true,
      "requires": {
        "call-bind": "^1.0.2",
        "define-properties": "^1.1.3"
      }
    },
    "string.prototype.trimstart": {
      "version": "1.0.4",
      "resolved": "https://registry.npmjs.org/string.prototype.trimstart/-/string.prototype.trimstart-1.0.4.tgz",
      "integrity": "sha512-jh6e984OBfvxS50tdY2nRZnoC5/mLFKOREQfw8t5yytkoUsJRNxvI/E39qu1sD0OtWI3OC0XgKSmcWwziwYuZw==",
      "dev": true,
      "requires": {
        "call-bind": "^1.0.2",
        "define-properties": "^1.1.3"
      }
    },
    "strip-json-comments": {
      "version": "2.0.1",
      "resolved": "https://registry.npmjs.org/strip-json-comments/-/strip-json-comments-2.0.1.tgz",
      "integrity": "sha1-PFMZQukIwml8DsNEhYwobHygpgo=",
      "dev": true
    },
    "tar": {
      "version": "6.1.5",
      "resolved": "https://registry.npmjs.org/tar/-/tar-6.1.5.tgz",
      "integrity": "sha512-FiK6MQyyaqd5vHuUjbg/NpO8BuEGeSXcmlH7Pt/JkugWS8s0w8nKybWjHDJiwzCAIKZ66uof4ghm4tBADjcqRA==",
      "dev": true,
      "requires": {
        "chownr": "^2.0.0",
        "fs-minipass": "^2.0.0",
        "minipass": "^3.0.0",
        "minizlib": "^2.1.1",
        "mkdirp": "^1.0.3",
        "yallist": "^4.0.0"
      }
    },
    "uc.micro": {
      "version": "1.0.6",
      "resolved": "https://registry.npmjs.org/uc.micro/-/uc.micro-1.0.6.tgz",
      "integrity": "sha512-8Y75pvTYkLJW2hWQHXxoqRgV7qb9B+9vFEtidML+7koHUFapnVJAZ6cKs+Qjz5Aw3aZWHMC6u0wJE3At+nSGwA==",
      "dev": true
    },
    "unbox-primitive": {
      "version": "1.0.1",
      "resolved": "https://registry.npmjs.org/unbox-primitive/-/unbox-primitive-1.0.1.tgz",
      "integrity": "sha512-tZU/3NqK3dA5gpE1KtyiJUrEB0lxnGkMFHptJ7q6ewdZ8s12QrODwNbhIJStmJkd1QDXa1NRA8aF2A1zk/Ypyw==",
      "dev": true,
      "requires": {
        "function-bind": "^1.1.1",
        "has-bigints": "^1.0.1",
        "has-symbols": "^1.0.2",
        "which-boxed-primitive": "^1.0.2"
      }
    },
    "util-promisify": {
      "version": "2.1.0",
      "resolved": "https://registry.npmjs.org/util-promisify/-/util-promisify-2.1.0.tgz",
      "integrity": "sha1-PCI2R2xNMsX/PEcAKt18E7moKlM=",
      "dev": true,
      "requires": {
        "object.getownpropertydescriptors": "^2.0.3"
      }
    },
    "validate-npm-package-license": {
      "version": "3.0.4",
      "resolved": "https://registry.npmjs.org/validate-npm-package-license/-/validate-npm-package-license-3.0.4.tgz",
      "integrity": "sha512-DpKm2Ui/xN7/HQKCtpZxoRWBhZ9Z0kqtygG8XCgNQ8ZlDnxuQmWhj566j8fN4Cu3/JmbhsDo7fcAJq4s9h27Ew==",
      "dev": true,
      "requires": {
        "spdx-correct": "^3.0.0",
        "spdx-expression-parse": "^3.0.0"
      }
    },
    "which-boxed-primitive": {
      "version": "1.0.2",
      "resolved": "https://registry.npmjs.org/which-boxed-primitive/-/which-boxed-primitive-1.0.2.tgz",
      "integrity": "sha512-bwZdv0AKLpplFY2KZRX6TvyuN7ojjr7lwkg6ml0roIy9YeuSr7JS372qlNW18UQYzgYK9ziGcerWqZOmEn9VNg==",
      "dev": true,
      "requires": {
        "is-bigint": "^1.0.1",
        "is-boolean-object": "^1.1.0",
        "is-number-object": "^1.0.4",
        "is-string": "^1.0.5",
        "is-symbol": "^1.0.3"
      }
    },
    "wrappy": {
      "version": "1.0.2",
      "resolved": "https://registry.npmjs.org/wrappy/-/wrappy-1.0.2.tgz",
      "integrity": "sha1-tSQ9jz7BqjXxNkYFvA0QNuMKtp8=",
      "dev": true
    },
    "yallist": {
      "version": "4.0.0",
      "resolved": "https://registry.npmjs.org/yallist/-/yallist-4.0.0.tgz",
      "integrity": "sha512-3wdGidZyq5PB084XLES5TpOSRA3wjXAlIWMhum2kRcv/41Sn2emQ0dycQW4uZXLejwKvg6EsvbdlVL+FYEct7A==",
      "dev": true
    }
  }
}
